
Microsoft Visual Studio Solution File, Format Version 12.00
# Visual Studio Version 17
VisualStudioVersion = 17.5.33516.290
MinimumVisualStudioVersion = 10.0.40219.1
Project("{9A19103F-16F7-4668-BE54-9A1E7A4F7556}") = "React-Rendering", "React-Rendering\React-Rendering.csproj", "{3B3FEF11-8FCD-4FAC-92C9-50B1697DF37B}"
EndProject
Project("{FAE04EC0-301F-11D3-BF4B-00C04F79EFBC}") = "Backend-ServingBusinessLogic", "Backend-ServingBusinessLogic\Backend-ServingBusinessLogic.csproj", "{AD1E761B-94AC-49EC-903C-DD2E8D77E699}"
EndProject
Project("{FAE04EC0-301F-11D3-BF4B-00C04F79EFBC}") = "Business_Logic", "Business_Logic\Business_Logic.csproj", "{899FD72C-EFF5-4725-BBAF-86CD5A931248}"
EndProject
Global
	GlobalSection(SolutionConfigurationPlatforms) = preSolution
		Debug|Any CPU = Debug|Any CPU
		Release|Any CPU = Release|Any CPU
	EndGlobalSection
	GlobalSection(ProjectConfigurationPlatforms) = postSolution
		{3B3FEF11-8FCD-4FAC-92C9-50B1697DF37B}.Debug|Any CPU.ActiveCfg = Debug|Any CPU
		{3B3FEF11-8FCD-4FAC-92C9-50B1697DF37B}.Debug|Any CPU.Build.0 = Debug|Any CPU
		{3B3FEF11-8FCD-4FAC-92C9-50B1697DF37B}.Release|Any CPU.ActiveCfg = Release|Any CPU
		{3B3FEF11-8FCD-4FAC-92C9-50B1697DF37B}.Release|Any CPU.Build.0 = Release|Any CPU
		{AD1E761B-94AC-49EC-903C-DD2E8D77E699}.Debug|Any CPU.ActiveCfg = Debug|Any CPU
		{AD1E761B-94AC-49EC-903C-DD2E8D77E699}.Debug|Any CPU.Build.0 = Debug|Any CPU
		{AD1E761B-94AC-49EC-903C-DD2E8D77E699}.Release|Any CPU.ActiveCfg = Release|Any CPU
		{AD1E761B-94AC-49EC-903C-DD2E8D77E699}.Release|Any CPU.Build.0 = Release|Any CPU
		{899FD72C-EFF5-4725-BBAF-86CD5A931248}.Debug|Any CPU.ActiveCfg = Debug|Any CPU
		{899FD72C-EFF5-4725-BBAF-86CD5A931248}.Debug|Any CPU.Build.0 = Debug|Any CPU
		{899FD72C-EFF5-4725-BBAF-86CD5A931248}.Release|Any CPU.ActiveCfg = Release|Any CPU
		{899FD72C-EFF5-4725-BBAF-86CD5A931248}.Release|Any CPU.Build.0 = Release|Any CPU
	EndGlobalSection
	GlobalSection(SolutionProperties) = preSolution
		HideSolutionNode = FALSE
	EndGlobalSection
	GlobalSection(ExtensibilityGlobals) = postSolution
		SolutionGuid = {591B0300-9A9E-44FC-9D8A-00A3561F0457}
	EndGlobalSection
EndGlobal
